
Microsoft Visual Studio Solution File, Format Version 12.00
# Visual Studio Version 17
VisualStudioVersion = 17.7.34202.233
MinimumVisualStudioVersion = 10.0.40219.1
Project("{FAE04EC0-301F-11D3-BF4B-00C04F79EFBC}") = "Framework", "Framework\Framework.csproj", "{DF151A4B-BDC5-4FD4-97FD-ED744DB3C850}"
EndProject
Project("{FAE04EC0-301F-11D3-BF4B-00C04F79EFBC}") = "Tests", "Tests\Tests.csproj", "{50DF5737-F44A-4E25-8255-29A4138AD080}"
EndProject
Global
	GlobalSection(SolutionConfigurationPlatforms) = preSolution
		Debug|Any CPU = Debug|Any CPU
		Release|Any CPU = Release|Any CPU
	EndGlobalSection
	GlobalSection(ProjectConfigurationPlatforms) = postSolution
		{DF151A4B-BDC5-4FD4-97FD-ED744DB3C850}.Debug|Any CPU.ActiveCfg = Debug|Any CPU
		{DF151A4B-BDC5-4FD4-97FD-ED744DB3C850}.Debug|Any CPU.Build.0 = Debug|Any CPU
		{DF151A4B-BDC5-4FD4-97FD-ED744DB3C850}.Release|Any CPU.ActiveCfg = Release|Any CPU
		{DF151A4B-BDC5-4FD4-97FD-ED744DB3C850}.Release|Any CPU.Build.0 = Release|Any CPU
		{50DF5737-F44A-4E25-8255-29A4138AD080}.Debug|Any CPU.ActiveCfg = Debug|Any CPU
		{50DF5737-F44A-4E25-8255-29A4138AD080}.Debug|Any CPU.Build.0 = Debug|Any CPU
		{50DF5737-F44A-4E25-8255-29A4138AD080}.Release|Any CPU.ActiveCfg = Release|Any CPU
		{50DF5737-F44A-4E25-8255-29A4138AD080}.Release|Any CPU.Build.0 = Release|Any CPU
	EndGlobalSection
	GlobalSection(SolutionProperties) = preSolution
		HideSolutionNode = FALSE
	EndGlobalSection
	GlobalSection(ExtensibilityGlobals) = postSolution
		SolutionGuid = {E83FBB7A-ECE0-4CA9-9C42-7B1F29310224}
	EndGlobalSection
EndGlobal
